// !$*UTF8*$!
{
	archiveVersion = 1;
	classes = {
	};
	objectVersion = 50;
	objects = {

/* Begin PBXBuildFile section */
		5E446DB9253D324F00A703E0 /* AppDelegate.swift in Sources */ = {isa = PBXBuildFile; fileRef = 5E446DB8253D324F00A703E0 /* AppDelegate.swift */; };
		5E446DBB253D324F00A703E0 /* SceneDelegate.swift in Sources */ = {isa = PBXBuildFile; fileRef = 5E446DBA253D324F00A703E0 /* SceneDelegate.swift */; };
		5E446DBD253D324F00A703E0 /* ViewController.swift in Sources */ = {isa = PBXBuildFile; fileRef = 5E446DBC253D324F00A703E0 /* ViewController.swift */; };
		5E446DC0253D324F00A703E0 /* Main.storyboard in Resources */ = {isa = PBXBuildFile; fileRef = 5E446DBE253D324F00A703E0 /* Main.storyboard */; };
		5E446DC2253D325700A703E0 /* Assets.xcassets in Resources */ = {isa = PBXBuildFile; fileRef = 5E446DC1253D325700A703E0 /* Assets.xcassets */; };
		5E446DC5253D325700A703E0 /* LaunchScreen.storyboard in Resources */ = {isa = PBXBuildFile; fileRef = 5E446DC3253D325700A703E0 /* LaunchScreen.storyboard */; };
		5E446DD0253D325800A703E0 /* FlixTests.swift in Sources */ = {isa = PBXBuildFile; fileRef = 5E446DCF253D325800A703E0 /* FlixTests.swift */; };
		5E446DDB253D325800A703E0 /* FlixUITests.swift in Sources */ = {isa = PBXBuildFile; fileRef = 5E446DDA253D325800A703E0 /* FlixUITests.swift */; };
/* End PBXBuildFile section */

/* Begin PBXContainerItemProxy section */
		5E446DCC253D325800A703E0 /* PBXContainerItemProxy */ = {
			isa = PBXContainerItemProxy;
			containerPortal = 5E446DAD253D324E00A703E0 /* Project object */;
			proxyType = 1;
			remoteGlobalIDString = 5E446DB4253D324F00A703E0;
			remoteInfo = Flix;
		};
		5E446DD7253D325800A703E0 /* PBXContainerItemProxy */ = {
			isa = PBXContainerItemProxy;
			containerPortal = 5E446DAD253D324E00A703E0 /* Project object */;
			proxyType = 1;
			remoteGlobalIDString = 5E446DB4253D324F00A703E0;
			remoteInfo = Flix;
		};
/* End PBXContainerItemProxy section */

/* Begin PBXFileReference section */
		5E446DB5253D324F00A703E0 /* Flix.app */ = {isa = PBXFileReference; explicitFileType = wrapper.application; includeInIndex = 0; path = Flix.app; sourceTree = BUILT_PRODUCTS_DIR; };
		5E446DB8253D324F00A703E0 /* AppDelegate.swift */ = {isa = PBXFileReference; lastKnownFileType = sourcecode.swift; path = AppDelegate.swift; sourceTree = "<group>"; };
		5E446DBA253D324F00A703E0 /* SceneDelegate.swift */ = {isa = PBXFileReference; lastKnownFileType = sourcecode.swift; path = SceneDelegate.swift; sourceTree = "<group>"; };
		5E446DBC253D324F00A703E0 /* ViewController.swift */ = {isa = PBXFileReference; lastKnownFileType = sourcecode.swift; path = ViewController.swift; sourceTree = "<group>"; };
		5E446DBF253D324F00A703E0 /* Base */ = {isa = PBXFileReference; lastKnownFileType = file.storyboard; name = Base; path = Base.lproj/Main.storyboard; sourceTree = "<group>"; };
		5E446DC1253D325700A703E0 /* Assets.xcassets */ = {isa = PBXFileReference; lastKnownFileType = folder.assetcatalog; path = Assets.xcassets; sourceTree = "<group>"; };
		5E446DC4253D325700A703E0 /* Base */ = {isa = PBXFileReference; lastKnownFileType = file.storyboard; name = Base; path = Base.lproj/LaunchScreen.storyboard; sourceTree = "<group>"; };
		5E446DC6253D325700A703E0 /* Info.plist */ = {isa = PBXFileReference; lastKnownFileType = text.plist.xml; path = Info.plist; sourceTree = "<group>"; };
		5E446DCB253D325800A703E0 /* FlixTests.xctest */ = {isa = PBXFileReference; explicitFileType = wrapper.cfbundle; includeInIndex = 0; path = FlixTests.xctest; sourceTree = BUILT_PRODUCTS_DIR; };
		5E446DCF253D325800A703E0 /* FlixTests.swift */ = {isa = PBXFileReference; lastKnownFileType = sourcecode.swift; path = FlixTests.swift; sourceTree = "<group>"; };
		5E446DD1253D325800A703E0 /* Info.plist */ = {isa = PBXFileReference; lastKnownFileType = text.plist.xml; path = Info.plist; sourceTree = "<group>"; };
		5E446DD6253D325800A703E0 /* FlixUITests.xctest */ = {isa = PBXFileReference; explicitFileType = wrapper.cfbundle; includeInIndex = 0; path = FlixUITests.xctest; sourceTree = BUILT_PRODUCTS_DIR; };
		5E446DDA253D325800A703E0 /* FlixUITests.swift */ = {isa = PBXFileReference; lastKnownFileType = sourcecode.swift; path = FlixUITests.swift; sourceTree = "<group>"; };
		5E446DDC253D325800A703E0 /* Info.plist */ = {isa = PBXFileReference; lastKnownFileType = text.plist.xml; path = Info.plist; sourceTree = "<group>"; };
/* End PBXFileReference section */

/* Begin PBXFrameworksBuildPhase section */
		5E446DB2253D324F00A703E0 /* Frameworks */ = {
			isa = PBXFrameworksBuildPhase;
			buildActionMask = 2147483647;
			files = (
			);
			runOnlyForDeploymentPostprocessing = 0;
		};
		5E446DC8253D325800A703E0 /* Frameworks */ = {
			isa = PBXFrameworksBuildPhase;
			buildActionMask = 2147483647;
			files = (
			);
			runOnlyForDeploymentPostprocessing = 0;
		};
		5E446DD3253D325800A703E0 /* Frameworks */ = {
			isa = PBXFrameworksBuildPhase;
			buildActionMask = 2147483647;
			files = (
			);
			runOnlyForDeploymentPostprocessing = 0;
		};
/* End PBXFrameworksBuildPhase section */

/* Begin PBXGroup section */
		5E446DAC253D324E00A703E0 = {
			isa = PBXGroup;
			children = (
				5E446DB7253D324F00A703E0 /* Flix */,
				5E446DCE253D325800A703E0 /* FlixTests */,
				5E446DD9253D325800A703E0 /* FlixUITests */,
				5E446DB6253D324F00A703E0 /* Products */,
			);
			sourceTree = "<group>";
		};
		5E446DB6253D324F00A703E0 /* Products */ = {
			isa = PBXGroup;
			children = (
				5E446DB5253D324F00A703E0 /* Flix.app */,
				5E446DCB253D325800A703E0 /* FlixTests.xctest */,
				5E446DD6253D325800A703E0 /* FlixUITests.xctest */,
			);
			name = Products;
			sourceTree = "<group>";
		};
		5E446DB7253D324F00A703E0 /* Flix */ = {
			isa = PBXGroup;
			children = (
				5E446DB8253D324F00A703E0 /* AppDelegate.swift */,
				5E446DBA253D324F00A703E0 /* SceneDelegate.swift */,
				5E446DBC253D324F00A703E0 /* ViewController.swift */,
				5E446DBE253D324F00A703E0 /* Main.storyboard */,
				5E446DC1253D325700A703E0 /* Assets.xcassets */,
				5E446DC3253D325700A703E0 /* LaunchScreen.storyboard */,
				5E446DC6253D325700A703E0 /* Info.plist */,
			);
			path = Flix;
			sourceTree = "<group>";
		};
		5E446DCE253D325800A703E0 /* FlixTests */ = {
			isa = PBXGroup;
			children = (
				5E446DCF253D325800A703E0 /* FlixTests.swift */,
				5E446DD1253D325800A703E0 /* Info.plist */,
			);
			path = FlixTests;
			sourceTree = "<group>";
		};
		5E446DD9253D325800A703E0 /* FlixUITests */ = {
			isa = PBXGroup;
			children = (
				5E446DDA253D325800A703E0 /* FlixUITests.swift */,
				5E446DDC253D325800A703E0 /* Info.plist */,
			);
			path = FlixUITests;
			sourceTree = "<group>";
		};
/* End PBXGroup section */

/* Begin PBXNativeTarget section */
		5E446DB4253D324F00A703E0 /* Flix */ = {
			isa = PBXNativeTarget;
			buildConfigurationList = 5E446DDF253D325800A703E0 /* Build configuration list for PBXNativeTarget "Flix" */;
			buildPhases = (
				5E446DB1253D324F00A703E0 /* Sources */,
				5E446DB2253D324F00A703E0 /* Frameworks */,
				5E446DB3253D324F00A703E0 /* Resources */,
			);
			buildRules = (
			);
			dependencies = (
			);
			name = Flix;
			productName = Flix;
			productReference = 5E446DB5253D324F00A703E0 /* Flix.app */;
			productType = "com.apple.product-type.application";
		};
		5E446DCA253D325800A703E0 /* FlixTests */ = {
			isa = PBXNativeTarget;
			buildConfigurationList = 5E446DE2253D325800A703E0 /* Build configuration list for PBXNativeTarget "FlixTests" */;
			buildPhases = (
				5E446DC7253D325800A703E0 /* Sources */,
				5E446DC8253D325800A703E0 /* Frameworks */,
				5E446DC9253D325800A703E0 /* Resources */,
			);
			buildRules = (
			);
			dependencies = (
				5E446DCD253D325800A703E0 /* PBXTargetDependency */,
			);
			name = FlixTests;
			productName = FlixTests;
			productReference = 5E446DCB253D325800A703E0 /* FlixTests.xctest */;
			productType = "com.apple.product-type.bundle.unit-test";
		};
		5E446DD5253D325800A703E0 /* FlixUITests */ = {
			isa = PBXNativeTarget;
			buildConfigurationList = 5E446DE5253D325800A703E0 /* Build configuration list for PBXNativeTarget "FlixUITests" */;
			buildPhases = (
				5E446DD2253D325800A703E0 /* Sources */,
				5E446DD3253D325800A703E0 /* Frameworks */,
				5E446DD4253D325800A703E0 /* Resources */,
			);
			buildRules = (
			);
			dependencies = (
				5E446DD8253D325800A703E0 /* PBXTargetDependency */,
			);
			name = FlixUITests;
			productName = FlixUITests;
			productReference = 5E446DD6253D325800A703E0 /* FlixUITests.xctest */;
			productType = "com.apple.product-type.bundle.ui-testing";
		};
/* End PBXNativeTarget section */

/* Begin PBXProject section */
		5E446DAD253D324E00A703E0 /* Project object */ = {
			isa = PBXProject;
			attributes = {
				LastSwiftUpdateCheck = 1160;
				LastUpgradeCheck = 1160;
				ORGANIZATIONNAME = Vivian;
				TargetAttributes = {
					5E446DB4253D324F00A703E0 = {
						CreatedOnToolsVersion = 11.6;
					};
					5E446DCA253D325800A703E0 = {
						CreatedOnToolsVersion = 11.6;
						TestTargetID = 5E446DB4253D324F00A703E0;
					};
					5E446DD5253D325800A703E0 = {
						CreatedOnToolsVersion = 11.6;
						TestTargetID = 5E446DB4253D324F00A703E0;
					};
				};
			};
			buildConfigurationList = 5E446DB0253D324E00A703E0 /* Build configuration list for PBXProject "Flix" */;
			compatibilityVersion = "Xcode 9.3";
			developmentRegion = en;
			hasScannedForEncodings = 0;
			knownRegions = (
				en,
				Base,
			);
			mainGroup = 5E446DAC253D324E00A703E0;
			productRefGroup = 5E446DB6253D324F00A703E0 /* Products */;
			projectDirPath = "";
			projectRoot = "";
			targets = (
				5E446DB4253D324F00A703E0 /* Flix */,
				5E446DCA253D325800A703E0 /* FlixTests */,
				5E446DD5253D325800A703E0 /* FlixUITests */,
			);
		};
/* End PBXProject section */

/* Begin PBXResourcesBuildPhase section */
		5E446DB3253D324F00A703E0 /* Resources */ = {
			isa = PBXResourcesBuildPhase;
			buildActionMask = 2147483647;
			files = (
				5E446DC5253D325700A703E0 /* LaunchScreen.storyboard in Resources */,
				5E446DC2253D325700A703E0 /* Assets.xcassets in Resources */,
				5E446DC0253D324F00A703E0 /* Main.storyboard in Resources */,
			);
			runOnlyForDeploymentPostprocessing = 0;
		};
		5E446DC9253D325800A703E0 /* Resources */ = {
			isa = PBXResourcesBuildPhase;
			buildActionMask = 2147483647;
			files = (
			);
			runOnlyForDeploymentPostprocessing = 0;
		};
		5E446DD4253D325800A703E0 /* Resources */ = {
			isa = PBXResourcesBuildPhase;
			buildActionMask = 2147483647;
			files = (
			);
			runOnlyForDeploymentPostprocessing = 0;
		};
/* End PBXResourcesBuildPhase section */

/* Begin PBXSourcesBuildPhase section */
		5E446DB1253D324F00A703E0 /* Sources */ = {
			isa = PBXSourcesBuildPhase;
			buildActionMask = 2147483647;
			files = (
				5E446DBD253D324F00A703E0 /* ViewController.swift in Sources */,
				5E446DB9253D324F00A703E0 /* AppDelegate.swift in Sources */,
				5E446DBB253D324F00A703E0 /* SceneDelegate.swift in Sources */,
			);
			runOnlyForDeploymentPostprocessing = 0;
		};
		5E446DC7253D325800A703E0 /* Sources */ = {
			isa = PBXSourcesBuildPhase;
			buildActionMask = 2147483647;
			files = (
				5E446DD0253D325800A703E0 /* FlixTests.swift in Sources */,
			);
			runOnlyForDeploymentPostprocessing = 0;
		};
		5E446DD2253D325800A703E0 /* Sources */ = {
			isa = PBXSourcesBuildPhase;
			buildActionMask = 2147483647;
			files = (
				5E446DDB253D325800A703E0 /* FlixUITests.swift in Sources */,
			);
			runOnlyForDeploymentPostprocessing = 0;
		};
/* End PBXSourcesBuildPhase section */

/* Begin PBXTargetDependency section */
		5E446DCD253D325800A703E0 /* PBXTargetDependency */ = {
			isa = PBXTargetDependency;
			target = 5E446DB4253D324F00A703E0 /* Flix */;
			targetProxy = 5E446DCC253D325800A703E0 /* PBXContainerItemProxy */;
		};
		5E446DD8253D325800A703E0 /* PBXTargetDependency */ = {
			isa = PBXTargetDependency;
			target = 5E446DB4253D324F00A703E0 /* Flix */;
			targetProxy = 5E446DD7253D325800A703E0 /* PBXContainerItemProxy */;
		};
/* End PBXTargetDependency section */

/* Begin PBXVariantGroup section */
		5E446DBE253D324F00A703E0 /* Main.storyboard */ = {
			isa = PBXVariantGroup;
			children = (
				5E446DBF253D324F00A703E0 /* Base */,
			);
			name = Main.storyboard;
			sourceTree = "<group>";
		};
		5E446DC3253D325700A703E0 /* LaunchScreen.storyboard */ = {
			isa = PBXVariantGroup;
			children = (
				5E446DC4253D325700A703E0 /* Base */,
			);
			name = LaunchScreen.storyboard;
			sourceTree = "<group>";
		};
/* End PBXVariantGroup section */

/* Begin XCBuildConfiguration section */
		5E446DDD253D325800A703E0 /* Debug */ = {
			isa = XCBuildConfiguration;
			buildSettings = {
				ALWAYS_SEARCH_USER_PATHS = NO;
				CLANG_ANALYZER_NONNULL = YES;
				CLANG_ANALYZER_NUMBER_OBJECT_CONVERSION = YES_AGGRESSIVE;
				CLANG_CXX_LANGUAGE_STANDARD = "gnu++14";
				CLANG_CXX_LIBRARY = "libc++";
				CLANG_ENABLE_MODULES = YES;
				CLANG_ENABLE_OBJC_ARC = YES;
				CLANG_ENABLE_OBJC_WEAK = YES;
				CLANG_WARN_BLOCK_CAPTURE_AUTORELEASING = YES;
				CLANG_WARN_BOOL_CONVERSION = YES;
				CLANG_WARN_COMMA = YES;
				CLANG_WARN_CONSTANT_CONVERSION = YES;
				CLANG_WARN_DEPRECATED_OBJC_IMPLEMENTATIONS = YES;
				CLANG_WARN_DIRECT_OBJC_ISA_USAGE = YES_ERROR;
				CLANG_WARN_DOCUMENTATION_COMMENTS = YES;
				CLANG_WARN_EMPTY_BODY = YES;
				CLANG_WARN_ENUM_CONVERSION = YES;
				CLANG_WARN_INFINITE_RECURSION = YES;
				CLANG_WARN_INT_CONVERSION = YES;
				CLANG_WARN_NON_LITERAL_NULL_CONVERSION = YES;
				CLANG_WARN_OBJC_IMPLICIT_RETAIN_SELF = YES;
				CLANG_WARN_OBJC_LITERAL_CONVERSION = YES;
				CLANG_WARN_OBJC_ROOT_CLASS = YES_ERROR;
				CLANG_WARN_RANGE_LOOP_ANALYSIS = YES;
				CLANG_WARN_STRICT_PROTOTYPES = YES;
				CLANG_WARN_SUSPICIOUS_MOVE = YES;
				CLANG_WARN_UNGUARDED_AVAILABILITY = YES_AGGRESSIVE;
				CLANG_WARN_UNREACHABLE_CODE = YES;
				CLANG_WARN__DUPLICATE_METHOD_MATCH = YES;
				COPY_PHASE_STRIP = NO;
				DEBUG_INFORMATION_FORMAT = dwarf;
				ENABLE_STRICT_OBJC_MSGSEND = YES;
				ENABLE_TESTABILITY = YES;
				GCC_C_LANGUAGE_STANDARD = gnu11;
				GCC_DYNAMIC_NO_PIC = NO;
				GCC_NO_COMMON_BLOCKS = YES;
				GCC_OPTIMIZATION_LEVEL = 0;
				GCC_PREPROCESSOR_DEFINITIONS = (
					"DEBUG=1",
					"$(inherited)",
				);
				GCC_WARN_64_TO_32_BIT_CONVERSION = YES;
				GCC_WARN_ABOUT_RETURN_TYPE = YES_ERROR;
				GCC_WARN_UNDECLARED_SELECTOR = YES;
				GCC_WARN_UNINITIALIZED_AUTOS = YES_AGGRESSIVE;
				GCC_WARN_UNUSED_FUNCTION = YES;
				GCC_WARN_UNUSED_VARIABLE = YES;
				IPHONEOS_DEPLOYMENT_TARGET = 13.6;
				MTL_ENABLE_DEBUG_INFO = INCLUDE_SOURCE;
				MTL_FAST_MATH = YES;
				ONLY_ACTIVE_ARCH = YES;
				SDKROOT = iphoneos;
				SWIFT_ACTIVE_COMPILATION_CONDITIONS = DEBUG;
				SWIFT_OPTIMIZATION_LEVEL = "-Onone";
			};
			name = Debug;
		};
		5E446DDE253D325800A703E0 /* Release */ = {
			isa = XCBuildConfiguration;
			buildSettings = {
				ALWAYS_SEARCH_USER_PATHS = NO;
				CLANG_ANALYZER_NONNULL = YES;
				CLANG_ANALYZER_NUMBER_OBJECT_CONVERSION = YES_AGGRESSIVE;
				CLANG_CXX_LANGUAGE_STANDARD = "gnu++14";
				CLANG_CXX_LIBRARY = "libc++";
				CLANG_ENABLE_MODULES = YES;
				CLANG_ENABLE_OBJC_ARC = YES;
				CLANG_ENABLE_OBJC_WEAK = YES;
				CLANG_WARN_BLOCK_CAPTURE_AUTORELEASING = YES;
				CLANG_WARN_BOOL_CONVERSION = YES;
				CLANG_WARN_COMMA = YES;
				CLANG_WARN_CONSTANT_CONVERSION = YES;
				CLANG_WARN_DEPRECATED_OBJC_IMPLEMENTATIONS = YES;
				CLANG_WARN_DIRECT_OBJC_ISA_USAGE = YES_ERROR;
				CLANG_WARN_DOCUMENTATION_COMMENTS = YES;
				CLANG_WARN_EMPTY_BODY = YES;
				CLANG_WARN_ENUM_CONVERSION = YES;
				CLANG_WARN_INFINITE_RECURSION = YES;
				CLANG_WARN_INT_CONVERSION = YES;
				CLANG_WARN_NON_LITERAL_NULL_CONVERSION = YES;
				CLANG_WARN_OBJC_IMPLICIT_RETAIN_SELF = YES;
				CLANG_WARN_OBJC_LITERAL_CONVERSION = YES;
				CLANG_WARN_OBJC_ROOT_CLASS = YES_ERROR;
				CLANG_WARN_RANGE_LOOP_ANALYSIS = YES;
				CLANG_WARN_STRICT_PROTOTYPES = YES;
				CLANG_WARN_SUSPICIOUS_MOVE = YES;
				CLANG_WARN_UNGUARDED_AVAILABILITY = YES_AGGRESSIVE;
				CLANG_WARN_UNREACHABLE_CODE = YES;
				CLANG_WARN__DUPLICATE_METHOD_MATCH = YES;
				COPY_PHASE_STRIP = NO;
				DEBUG_INFORMATION_FORMAT = "dwarf-with-dsym";
				ENABLE_NS_ASSERTIONS = NO;
				ENABLE_STRICT_OBJC_MSGSEND = YES;
				GCC_C_LANGUAGE_STANDARD = gnu11;
				GCC_NO_COMMON_BLOCKS = YES;
				GCC_WARN_64_TO_32_BIT_CONVERSION = YES;
				GCC_WARN_ABOUT_RETURN_TYPE = YES_ERROR;
				GCC_WARN_UNDECLARED_SELECTOR = YES;
				GCC_WARN_UNINITIALIZED_AUTOS = YES_AGGRESSIVE;
				GCC_WARN_UNUSED_FUNCTION = YES;
				GCC_WARN_UNUSED_VARIABLE = YES;
				IPHONEOS_DEPLOYMENT_TARGET = 13.6;
				MTL_ENABLE_DEBUG_INFO = NO;
				MTL_FAST_MATH = YES;
				SDKROOT = iphoneos;
				SWIFT_COMPILATION_MODE = wholemodule;
				SWIFT_OPTIMIZATION_LEVEL = "-O";
				VALIDATE_PRODUCT = YES;
			};
			name = Release;
		};
		5E446DE0253D325800A703E0 /* Debug */ = {
			isa = XCBuildConfiguration;
			buildSettings = {
				ASSETCATALOG_COMPILER_APPICON_NAME = AppIcon;
				CODE_SIGN_STYLE = Automatic;
				INFOPLIST_FILE = Flix/Info.plist;
				LD_RUNPATH_SEARCH_PATHS = (
					"$(inherited)",
					"@executable_path/Frameworks",
				);
				PRODUCT_BUNDLE_IDENTIFIER = Vivian.Flix;
				PRODUCT_NAME = "$(TARGET_NAME)";
				SWIFT_VERSION = 5.0;
				TARGETED_DEVICE_FAMILY = "1,2";
			};
			name = Debug;
		};
		5E446DE1253D325800A703E0 /* Release */ = {
			isa = XCBuildConfiguration;
			buildSettings = {
				ASSETCATALOG_COMPILER_APPICON_NAME = AppIcon;
				CODE_SIGN_STYLE = Automatic;
				INFOPLIST_FILE = Flix/Info.plist;
				LD_RUNPATH_SEARCH_PATHS = (
					"$(inherited)",
					"@executable_path/Frameworks",
				);
				PRODUCT_BUNDLE_IDENTIFIER = Vivian.Flix;
				PRODUCT_NAME = "$(TARGET_NAME)";
				SWIFT_VERSION = 5.0;
				TARGETED_DEVICE_FAMILY = "1,2";
			};
			name = Release;
		};
		5E446DE3253D325800A703E0 /* Debug */ = {
			isa = XCBuildConfiguration;
			buildSettings = {
				ALWAYS_EMBED_SWIFT_STANDARD_LIBRARIES = YES;
				BUNDLE_LOADER = "$(TEST_HOST)";
				CODE_SIGN_STYLE = Automatic;
				INFOPLIST_FILE = FlixTests/Info.plist;
				IPHONEOS_DEPLOYMENT_TARGET = 13.6;
				LD_RUNPATH_SEARCH_PATHS = (
					"$(inherited)",
					"@executable_path/Frameworks",
					"@loader_path/Frameworks",
				);
				PRODUCT_BUNDLE_IDENTIFIER = Vivian.FlixTests;
				PRODUCT_NAME = "$(TARGET_NAME)";
				SWIFT_VERSION = 5.0;
				TARGETED_DEVICE_FAMILY = "1,2";
				TEST_HOST = "$(BUILT_PRODUCTS_DIR)/Flix.app/Flix";
			};
			name = Debug;
		};
		5E446DE4253D325800A703E0 /* Release */ = {
			isa = XCBuildConfiguration;
			buildSettings = {
				ALWAYS_EMBED_SWIFT_STANDARD_LIBRARIES = YES;
				BUNDLE_LOADER = "$(TEST_HOST)";
				CODE_SIGN_STYLE = Automatic;
				INFOPLIST_FILE = FlixTests/Info.plist;
				IPHONEOS_DEPLOYMENT_TARGET = 13.6;
				LD_RUNPATH_SEARCH_PATHS = (
					"$(inherited)",
					"@executable_path/Frameworks",
					"@loader_path/Frameworks",
				);
				PRODUCT_BUNDLE_IDENTIFIER = Vivian.FlixTests;
				PRODUCT_NAME = "$(TARGET_NAME)";
				SWIFT_VERSION = 5.0;
				TARGETED_DEVICE_FAMILY = "1,2";
				TEST_HOST = "$(BUILT_PRODUCTS_DIR)/Flix.app/Flix";
			};
			name = Release;
		};
		5E446DE6253D325800A703E0 /* Debug */ = {
			isa = XCBuildConfiguration;
			buildSettings = {
				ALWAYS_EMBED_SWIFT_STANDARD_LIBRARIES = YES;
				CODE_SIGN_STYLE = Automatic;
				INFOPLIST_FILE = FlixUITests/Info.plist;
				LD_RUNPATH_SEARCH_PATHS = (
					"$(inherited)",
					"@executable_path/Frameworks",
					"@loader_path/Frameworks",
				);
				PRODUCT_BUNDLE_IDENTIFIER = Vivian.FlixUITests;
				PRODUCT_NAME = "$(TARGET_NAME)";
				SWIFT_VERSION = 5.0;
				TARGETED_DEVICE_FAMILY = "1,2";
				TEST_TARGET_NAME = Flix;
			};
			name = Debug;
		};
		5E446DE7253D325800A703E0 /* Release */ = {
			isa = XCBuildConfiguration;
			buildSettings = {
				ALWAYS_EMBED_SWIFT_STANDARD_LIBRARIES = YES;
				CODE_SIGN_STYLE = Automatic;
				INFOPLIST_FILE = FlixUITests/Info.plist;
				LD_RUNPATH_SEARCH_PATHS = (
					"$(inherited)",
					"@executable_path/Frameworks",
					"@loader_path/Frameworks",
				);
				PRODUCT_BUNDLE_IDENTIFIER = Vivian.FlixUITests;
				PRODUCT_NAME = "$(TARGET_NAME)";
				SWIFT_VERSION = 5.0;
				TARGETED_DEVICE_FAMILY = "1,2";
				TEST_TARGET_NAME = Flix;
			};
			name = Release;
		};
/* End XCBuildConfiguration section */

/* Begin XCConfigurationList section */
		5E446DB0253D324E00A703E0 /* Build configuration list for PBXProject "Flix" */ = {
			isa = XCConfigurationList;
			buildConfigurations = (
				5E446DDD253D325800A703E0 /* Debug */,
				5E446DDE253D325800A703E0 /* Release */,
			);
			defaultConfigurationIsVisible = 0;
			defaultConfigurationName = Release;
		};
		5E446DDF253D325800A703E0 /* Build configuration list for PBXNativeTarget "Flix" */ = {
			isa = XCConfigurationList;
			buildConfigurations = (
				5E446DE0253D325800A703E0 /* Debug */,
				5E446DE1253D325800A703E0 /* Release */,
			);
			defaultConfigurationIsVisible = 0;
			defaultConfigurationName = Release;
		};
		5E446DE2253D325800A703E0 /* Build configuration list for PBXNativeTarget "FlixTests" */ = {
			isa = XCConfigurationList;
			buildConfigurations = (
				5E446DE3253D325800A703E0 /* Debug */,
				5E446DE4253D325800A703E0 /* Release */,
			);
			defaultConfigurationIsVisible = 0;
			defaultConfigurationName = Release;
		};
		5E446DE5253D325800A703E0 /* Build configuration list for PBXNativeTarget "FlixUITests" */ = {
			isa = XCConfigurationList;
			buildConfigurations = (
				5E446DE6253D325800A703E0 /* Debug */,
				5E446DE7253D325800A703E0 /* Release */,
			);
			defaultConfigurationIsVisible = 0;
			defaultConfigurationName = Release;
		};
/* End XCConfigurationList section */
	};
	rootObject = 5E446DAD253D324E00A703E0 /* Project object */;
}
